
Microsoft Visual Studio Solution File, Format Version 12.00
# Visual Studio Version 17
VisualStudioVersion = 17.4.33213.308
MinimumVisualStudioVersion = 10.0.40219.1
Project("{FAE04EC0-301F-11D3-BF4B-00C04F79EFBC}") = "无限晶塔", "无限晶塔\无限晶塔.csproj", "{FE0C6C4F-9D87-4040-BDC5-D798DCE8D9FD}"
EndProject
Global
	GlobalSection(SolutionConfigurationPlatforms) = preSolution
		Debug|Any CPU = Debug|Any CPU
		Release|Any CPU = Release|Any CPU
	EndGlobalSection
	GlobalSection(ProjectConfigurationPlatforms) = postSolution
		{FE0C6C4F-9D87-4040-BDC5-D798DCE8D9FD}.Debug|Any CPU.ActiveCfg = Debug|Any CPU
		{FE0C6C4F-9D87-4040-BDC5-D798DCE8D9FD}.Debug|Any CPU.Build.0 = Debug|Any CPU
		{FE0C6C4F-9D87-4040-BDC5-D798DCE8D9FD}.Release|Any CPU.ActiveCfg = Release|Any CPU
		{FE0C6C4F-9D87-4040-BDC5-D798DCE8D9FD}.Release|Any CPU.Build.0 = Release|Any CPU
	EndGlobalSection
	GlobalSection(SolutionProperties) = preSolution
		HideSolutionNode = FALSE
	EndGlobalSection
	GlobalSection(ExtensibilityGlobals) = postSolution
		SolutionGuid = {F0D5C721-D127-4F67-A0D4-C73261CD34CB}
	EndGlobalSection
EndGlobal
